
Microsoft Visual Studio Solution File, Format Version 12.00
# Visual Studio Version 17
VisualStudioVersion = 17.13.35617.110 d17.13
MinimumVisualStudioVersion = 10.0.40219.1
Project("{FAE04EC0-301F-11D3-BF4B-00C04F79EFBC}") = "microcart.orders.api", "src\services\microcart.orders.api\microcart.orders.api.csproj", "{9720F789-2C66-43B3-9999-D57EB62AC174}"
EndProject
Global
	GlobalSection(SolutionConfigurationPlatforms) = preSolution
		Debug|Any CPU = Debug|Any CPU
		Release|Any CPU = Release|Any CPU
	EndGlobalSection
	GlobalSection(ProjectConfigurationPlatforms) = postSolution
		{9720F789-2C66-43B3-9999-D57EB62AC174}.Debug|Any CPU.ActiveCfg = Debug|Any CPU
		{9720F789-2C66-43B3-9999-D57EB62AC174}.Debug|Any CPU.Build.0 = Debug|Any CPU
		{9720F789-2C66-43B3-9999-D57EB62AC174}.Release|Any CPU.ActiveCfg = Release|Any CPU
		{9720F789-2C66-43B3-9999-D57EB62AC174}.Release|Any CPU.Build.0 = Release|Any CPU
	EndGlobalSection
	GlobalSection(SolutionProperties) = preSolution
		HideSolutionNode = FALSE
	EndGlobalSection
	GlobalSection(ExtensibilityGlobals) = postSolution
		SolutionGuid = {53BBD1BB-5F42-4880-810C-38549CAC1BF4}
	EndGlobalSection
EndGlobal
